
Microsoft Visual Studio Solution File, Format Version 12.00
# Visual Studio Version 16
VisualStudioVersion = 16.0.30907.101
MinimumVisualStudioVersion = 10.0.40219.1
Project("{FAE04EC0-301F-11D3-BF4B-00C04F79EFBC}") = "Calculator", "Calculator\Calculator.csproj", "{2ED9C78C-A4F9-4638-AA6E-954F7655DC8F}"
EndProject
Global
	GlobalSection(SolutionConfigurationPlatforms) = preSolution
		Debug|Any CPU = Debug|Any CPU
		Release|Any CPU = Release|Any CPU
	EndGlobalSection
	GlobalSection(ProjectConfigurationPlatforms) = postSolution
		{2ED9C78C-A4F9-4638-AA6E-954F7655DC8F}.Debug|Any CPU.ActiveCfg = Debug|Any CPU
		{2ED9C78C-A4F9-4638-AA6E-954F7655DC8F}.Debug|Any CPU.Build.0 = Debug|Any CPU
		{2ED9C78C-A4F9-4638-AA6E-954F7655DC8F}.Release|Any CPU.ActiveCfg = Release|Any CPU
		{2ED9C78C-A4F9-4638-AA6E-954F7655DC8F}.Release|Any CPU.Build.0 = Release|Any CPU
	EndGlobalSection
	GlobalSection(SolutionProperties) = preSolution
		HideSolutionNode = FALSE
	EndGlobalSection
	GlobalSection(ExtensibilityGlobals) = postSolution
		SolutionGuid = {83CA5A27-7BC2-4F0C-912A-F16E9A9875E9}
	EndGlobalSection
EndGlobal
